{
  "version": 4,
  "terraform_version": "1.5.6",
  "serial": 1,
  "lineage": "e161a984-8909-6fbd-253b-6f7b23921a41",
  "outputs": {},
  "resources": [
    {
      "mode": "managed",
      "type": "azurerm_resource_group",
      "name": "rg",
      "provider": "provider[\"registry.terraform.io/hashicorp/azurerm\"]",
      "instances": [
        {
          "schema_version": 0,
          "attributes": {
            "id": "/subscriptions/5a0855b9-426d-429e-83a9-ea7c4796e9a4/resourceGroups/av_devops_rg",
            "location": "eastus",
            "managed_by": "",
            "name": "av_devops_rg",
            "tags": {
              "Creator": "Ankitkumar Varma",
              "DateCreated": "04/02/2026",
              "environment": "DEVELOPMENT",
              "guid": "5f19b3c2",
              "project number": "123456",
              "serviceprovider": "tei"
            },
            "timeouts": null
          },
          "sensitive_attributes": [],
          "private": "eyJlMmJmYjczMC1lY2FhLTExZTYtOGY4OC0zNDM2M2JjN2M0YzAiOnsiY3JlYXRlIjo1NDAwMDAwMDAwMDAwLCJkZWxldGUiOjU0MDAwMDAwMDAwMDAsInJlYWQiOjMwMDAwMDAwMDAwMCwidXBkYXRlIjo1NDAwMDAwMDAwMDAwfX0="
        }
      ]
    }
  ],
  "check_results": null
}
