{
  "version": 4,
  "terraform_version": "1.5.6",
  "serial": 13,
  "lineage": "e161a984-8909-6fbd-253b-6f7b23921a41",
  "outputs": {},
  "resources": [
    {
      "mode": "managed",
      "type": "azurerm_resource_group",
      "name": "rg",
      "provider": "provider[\"registry.terraform.io/hashicorp/azurerm\"]",
      "instances": [
        {
          "schema_version": 0,
          "attributes": {
            "id": "/subscriptions/5a0855b9-426d-429e-83a9-ea7c4796e9a4/resourceGroups/av_devops_rg",
            "location": "eastus",
            "managed_by": "",
            "name": "av_devops_rg",
            "tags": {
              "environment": "DEVELOPMENT",
              "guid": "5f19b3c2",
              "project number": "123456",
              "serviceprovider": "tei"
            },
            "timeouts": null
          },
          "sensitive_attributes": [],
          "private": "eyJlMmJmYjczMC1lY2FhLTExZTYtOGY4OC0zNDM2M2JjN2M0YzAiOnsiY3JlYXRlIjo1NDAwMDAwMDAwMDAwLCJkZWxldGUiOjU0MDAwMDAwMDAwMDAsInJlYWQiOjMwMDAwMDAwMDAwMCwidXBkYXRlIjo1NDAwMDAwMDAwMDAwfX0="
        }
      ]
    },
    {
      "module": "module.compute",
      "mode": "managed",
      "type": "azurerm_linux_virtual_machine_scale_set",
      "name": "vmss",
      "provider": "provider[\"registry.terraform.io/hashicorp/azurerm\"]",
      "instances": [
        {
          "schema_version": 0,
          "attributes": {
            "additional_capabilities": [],
            "admin_password": "Av@12345",
            "admin_ssh_key": [],
            "admin_username": "azureuser",
            "automatic_instance_repair": [],
            "automatic_os_upgrade_policy": [],
            "boot_diagnostics": [],
            "capacity_reservation_group_id": "",
            "computer_name_prefix": "av-devops-vmss",
            "custom_data": "IyEvYmluL2Jhc2gKCnp5cHBlciByZWZyZXNoCnp5cHBlciB1cGRhdGUgLXkKCiMgSW5zdGFsbCBEb2NrZXIKenlwcGVyIGluc3RhbGwgLXkgZG9ja2VyCnN5c3RlbWN0bCBlbmFibGUgZG9ja2VyCnN5c3RlbWN0bCBzdGFydCBkb2NrZXIKCiMgSW5zdGFsbCBLdWJlcm5ldGVzIHRvb2xzCnp5cHBlciBpbnN0YWxsIC15IGt1YmVsZXQga3ViZWFkbSBrdWJlY3RsCnN5c3RlbWN0bCBlbmFibGUga3ViZWxldApzeXN0ZW1jdGwgc3RhcnQga3ViZWxldAoKc3dhcG9mZiAtYQoKZWNobyAiU2V0dXAgY29tcGxldGUiID4gL3Jvb3Qvc2V0dXAubG9n",
            "data_disk": [],
            "disable_password_authentication": false,
            "do_not_run_extensions_on_overprovisioned_machines": false,
            "edge_zone": "",
            "encryption_at_host_enabled": false,
            "eviction_policy": "",
            "extension": [],
            "extension_operations_enabled": true,
            "extensions_time_budget": "PT1H30M",
            "gallery_application": [],
            "health_probe_id": "",
            "host_group_id": null,
            "id": "/subscriptions/5a0855b9-426d-429e-83a9-ea7c4796e9a4/resourceGroups/av_devops_rg/providers/Microsoft.Compute/virtualMachineScaleSets/av-devops-vmss",
            "identity": [],
            "instances": 2,
            "location": "eastus",
            "max_bid_price": -1,
            "name": "av-devops-vmss",
            "network_interface": [
              {
                "auxiliary_mode": "",
                "auxiliary_sku": "",
                "dns_servers": null,
                "enable_accelerated_networking": false,
                "enable_ip_forwarding": false,
                "ip_configuration": [
                  {
                    "application_gateway_backend_address_pool_ids": null,
                    "application_security_group_ids": null,
                    "load_balancer_backend_address_pool_ids": null,
                    "load_balancer_inbound_nat_rules_ids": null,
                    "name": "internal",
                    "primary": true,
                    "public_ip_address": [],
                    "subnet_id": "/subscriptions/5a0855b9-426d-429e-83a9-ea7c4796e9a4/resourceGroups/av_devops_rg/providers/Microsoft.Network/virtualNetworks/vnet/subnets/subnet",
                    "version": "IPv4"
                  }
                ],
                "name": "vmss-nic",
                "network_security_group_id": "",
                "primary": true
              }
            ],
            "os_disk": [
              {
                "caching": "ReadWrite",
                "diff_disk_settings": [],
                "disk_encryption_set_id": "",
                "disk_size_gb": 30,
                "secure_vm_disk_encryption_set_id": "",
                "security_encryption_type": "",
                "storage_account_type": "Standard_LRS",
                "write_accelerator_enabled": false
              }
            ],
            "overprovision": true,
            "plan": [],
            "platform_fault_domain_count": 5,
            "priority": "Regular",
            "provision_vm_agent": true,
            "proximity_placement_group_id": "",
            "resilient_vm_creation_enabled": false,
            "resilient_vm_deletion_enabled": false,
            "resource_group_name": "av_devops_rg",
            "rolling_upgrade_policy": [],
            "scale_in": [],
            "secret": [],
            "secure_boot_enabled": false,
            "single_placement_group": true,
            "sku": "Standard_B2s",
            "source_image_id": "",
            "source_image_reference": [
              {
                "offer": "sles-15-sp5",
                "publisher": "SUSE",
                "sku": "gen2",
                "version": "latest"
              }
            ],
            "spot_restore": null,
            "tags": {
              "Environment": "DEVELOPMENT"
            },
            "termination_notification": null,
            "timeouts": null,
            "unique_id": "335ca152-9d35-4d2e-b964-a38ae38d6353",
            "upgrade_mode": "Manual",
            "user_data": "",
            "vtpm_enabled": false,
            "zone_balance": false,
            "zones": null
          },
          "sensitive_attributes": [
            [
              {
                "type": "get_attr",
                "value": "admin_password"
              }
            ]
          ],
          "private": "eyJlMmJmYjczMC1lY2FhLTExZTYtOGY4OC0zNDM2M2JjN2M0YzAiOnsiY3JlYXRlIjozNjAwMDAwMDAwMDAwLCJkZWxldGUiOjM2MDAwMDAwMDAwMDAsInJlYWQiOjMwMDAwMDAwMDAwMCwidXBkYXRlIjozNjAwMDAwMDAwMDAwfX0=",
          "dependencies": [
            "azurerm_resource_group.rg",
            "module.network.azurerm_subnet.subnet"
          ]
        }
      ]
    },
    {
      "module": "module.compute",
      "mode": "managed",
      "type": "azurerm_monitor_autoscale_setting",
      "name": "autoscale",
      "provider": "provider[\"registry.terraform.io/hashicorp/azurerm\"]",
      "instances": [
        {
          "schema_version": 2,
          "attributes": {
            "enabled": true,
            "id": "/subscriptions/5a0855b9-426d-429e-83a9-ea7c4796e9a4/resourceGroups/av_devops_rg/providers/Microsoft.Insights/autoScaleSettings/autoscale-vmss",
            "location": "eastus",
            "name": "autoscale-vmss",
            "notification": [],
            "predictive": [],
            "profile": [
              {
                "capacity": [
                  {
                    "default": 2,
                    "maximum": 5,
                    "minimum": 2
                  }
                ],
                "fixed_date": [],
                "name": "default",
                "recurrence": [],
                "rule": [
                  {
                    "metric_trigger": [
                      {
                        "dimensions": [],
                        "divide_by_instance_count": false,
                        "metric_name": "Percentage CPU",
                        "metric_namespace": "",
                        "metric_resource_id": "/subscriptions/5a0855b9-426d-429e-83a9-ea7c4796e9a4/resourceGroups/av_devops_rg/providers/Microsoft.Compute/virtualMachineScaleSets/av-devops-vmss",
                        "operator": "GreaterThan",
                        "statistic": "Average",
                        "threshold": 70,
                        "time_aggregation": "Average",
                        "time_grain": "PT1M",
                        "time_window": "PT5M"
                      }
                    ],
                    "scale_action": [
                      {
                        "cooldown": "PT5M",
                        "direction": "Increase",
                        "type": "ChangeCount",
                        "value": 1
                      }
                    ]
                  },
                  {
                    "metric_trigger": [
                      {
                        "dimensions": [],
                        "divide_by_instance_count": false,
                        "metric_name": "Percentage CPU",
                        "metric_namespace": "",
                        "metric_resource_id": "/subscriptions/5a0855b9-426d-429e-83a9-ea7c4796e9a4/resourceGroups/av_devops_rg/providers/Microsoft.Compute/virtualMachineScaleSets/av-devops-vmss",
                        "operator": "LessThan",
                        "statistic": "Average",
                        "threshold": 30,
                        "time_aggregation": "Average",
                        "time_grain": "PT1M",
                        "time_window": "PT5M"
                      }
                    ],
                    "scale_action": [
                      {
                        "cooldown": "PT5M",
                        "direction": "Decrease",
                        "type": "ChangeCount",
                        "value": 1
                      }
                    ]
                  }
                ]
              }
            ],
            "resource_group_name": "av_devops_rg",
            "tags": {
              "Environment": "DEVELOPMENT"
            },
            "target_resource_id": "/subscriptions/5a0855b9-426d-429e-83a9-ea7c4796e9a4/resourceGroups/av_devops_rg/providers/Microsoft.Compute/virtualMachineScaleSets/av-devops-vmss",
            "timeouts": null
          },
          "sensitive_attributes": [],
          "private": "eyJlMmJmYjczMC1lY2FhLTExZTYtOGY4OC0zNDM2M2JjN2M0YzAiOnsiY3JlYXRlIjoxODAwMDAwMDAwMDAwLCJkZWxldGUiOjE4MDAwMDAwMDAwMDAsInJlYWQiOjMwMDAwMDAwMDAwMCwidXBkYXRlIjoxODAwMDAwMDAwMDAwfSwic2NoZW1hX3ZlcnNpb24iOiIyIn0=",
          "dependencies": [
            "azurerm_resource_group.rg",
            "module.compute.azurerm_linux_virtual_machine_scale_set.vmss",
            "module.network.azurerm_subnet.subnet"
          ]
        }
      ]
    },
    {
      "module": "module.network",
      "mode": "managed",
      "type": "azurerm_subnet",
      "name": "subnet",
      "provider": "provider[\"registry.terraform.io/hashicorp/azurerm\"]",
      "instances": [
        {
          "schema_version": 0,
          "attributes": {
            "address_prefixes": [
              "10.0.1.0/24"
            ],
            "default_outbound_access_enabled": true,
            "delegation": [],
            "id": "/subscriptions/5a0855b9-426d-429e-83a9-ea7c4796e9a4/resourceGroups/av_devops_rg/providers/Microsoft.Network/virtualNetworks/vnet/subnets/subnet",
            "ip_address_pool": [],
            "name": "subnet",
            "private_endpoint_network_policies": "Disabled",
            "private_link_service_network_policies_enabled": true,
            "resource_group_name": "av_devops_rg",
            "service_endpoint_policy_ids": [],
            "service_endpoints": [],
            "sharing_scope": "",
            "timeouts": null,
            "virtual_network_name": "vnet"
          },
          "sensitive_attributes": [],
          "private": "eyJlMmJmYjczMC1lY2FhLTExZTYtOGY4OC0zNDM2M2JjN2M0YzAiOnsiY3JlYXRlIjoxODAwMDAwMDAwMDAwLCJkZWxldGUiOjE4MDAwMDAwMDAwMDAsInJlYWQiOjMwMDAwMDAwMDAwMCwidXBkYXRlIjoxODAwMDAwMDAwMDAwfX0=",
          "dependencies": [
            "azurerm_resource_group.rg",
            "module.network.azurerm_virtual_network.vnet"
          ]
        }
      ]
    },
    {
      "module": "module.network",
      "mode": "managed",
      "type": "azurerm_virtual_network",
      "name": "vnet",
      "provider": "provider[\"registry.terraform.io/hashicorp/azurerm\"]",
      "instances": [
        {
          "schema_version": 0,
          "attributes": {
            "address_space": [
              "10.0.0.0/16"
            ],
            "bgp_community": "",
            "ddos_protection_plan": [],
            "dns_servers": [],
            "edge_zone": "",
            "encryption": [],
            "flow_timeout_in_minutes": 0,
            "guid": "721ac257-792c-4096-b6eb-8d9a3afbe4bc",
            "id": "/subscriptions/5a0855b9-426d-429e-83a9-ea7c4796e9a4/resourceGroups/av_devops_rg/providers/Microsoft.Network/virtualNetworks/vnet",
            "ip_address_pool": [],
            "location": "eastus",
            "name": "vnet",
            "private_endpoint_vnet_policies": "Disabled",
            "resource_group_name": "av_devops_rg",
            "subnet": [
              {
                "address_prefixes": [
                  "10.0.1.0/24"
                ],
                "default_outbound_access_enabled": true,
                "delegation": [],
                "id": "/subscriptions/5a0855b9-426d-429e-83a9-ea7c4796e9a4/resourceGroups/av_devops_rg/providers/Microsoft.Network/virtualNetworks/vnet/subnets/subnet",
                "name": "subnet",
                "private_endpoint_network_policies": "Disabled",
                "private_link_service_network_policies_enabled": true,
                "route_table_id": "",
                "security_group": "",
                "service_endpoint_policy_ids": [],
                "service_endpoints": []
              }
            ],
            "tags": {
              "Environment": "DEVELOPMENT"
            },
            "timeouts": null
          },
          "sensitive_attributes": [],
          "private": "eyJlMmJmYjczMC1lY2FhLTExZTYtOGY4OC0zNDM2M2JjN2M0YzAiOnsiY3JlYXRlIjoxODAwMDAwMDAwMDAwLCJkZWxldGUiOjE4MDAwMDAwMDAwMDAsInJlYWQiOjMwMDAwMDAwMDAwMCwidXBkYXRlIjoxODAwMDAwMDAwMDAwfX0=",
          "dependencies": [
            "azurerm_resource_group.rg"
          ]
        }
      ]
    }
  ],
  "check_results": null
}
